
Microsoft Visual Studio Solution File, Format Version 12.00
# Visual Studio 14
VisualStudioVersion = 14.0.25123.0
MinimumVisualStudioVersion = 10.0.40219.1
Project("{8BC9CEB8-8B4A-11D0-8D11-00A0C91BC942}") = "FastLEDCase", "FastLEDCase\FastLEDCase.vcxproj", "{C5F80730-F44F-4478-BDAE-6634EFC2CA88}"
EndProject
Project("{8BC9CEB8-8B4A-11D0-8D11-00A0C91BC942}") = "antialiastest", "antialiastest\antialiastest.vcxproj", "{50741498-DC48-4338-9202-856B6187D9BD}"
EndProject
Project("{8BC9CEB8-8B4A-11D0-8D11-00A0C91BC942}") = "fire", "fire\fire.vcxproj", "{2CBD4FEB-8C82-48D7-A30A-A200E7E2F4BC}"
EndProject
Project("{8BC9CEB8-8B4A-11D0-8D11-00A0C91BC942}") = "rgbcalibrate", "rgbcalibrate\rgbcalibrate.vcxproj", "{513257BE-9F1B-4C5A-ABD3-C4670FBD2280}"
EndProject
Project("{9092AA53-FB77-4645-B42D-1CCCA6BD08BD}") = "Led Serial Connection App", "Led Serial Connection App\Led Serial Connection App.njsproj", "{E8A1A0F8-5F1D-4353-882D-9C0FD9D86A01}"
EndProject
Global
	GlobalSection(SolutionConfigurationPlatforms) = preSolution
		Debug|Any CPU = Debug|Any CPU
		Debug|ARM = Debug|ARM
		Debug|x86 = Debug|x86
		Release|Any CPU = Release|Any CPU
		Release|ARM = Release|ARM
		Release|x86 = Release|x86
	EndGlobalSection
	GlobalSection(ProjectConfigurationPlatforms) = postSolution
		{C5F80730-F44F-4478-BDAE-6634EFC2CA88}.Debug|Any CPU.ActiveCfg = Debug|Win32
		{C5F80730-F44F-4478-BDAE-6634EFC2CA88}.Debug|ARM.ActiveCfg = Debug|Win32
		{C5F80730-F44F-4478-BDAE-6634EFC2CA88}.Debug|ARM.Build.0 = Debug|Win32
		{C5F80730-F44F-4478-BDAE-6634EFC2CA88}.Debug|x86.ActiveCfg = Debug|Win32
		{C5F80730-F44F-4478-BDAE-6634EFC2CA88}.Debug|x86.Build.0 = Debug|Win32
		{C5F80730-F44F-4478-BDAE-6634EFC2CA88}.Release|Any CPU.ActiveCfg = Release|Win32
		{C5F80730-F44F-4478-BDAE-6634EFC2CA88}.Release|ARM.ActiveCfg = Release|Win32
		{C5F80730-F44F-4478-BDAE-6634EFC2CA88}.Release|x86.ActiveCfg = Release|Win32
		{C5F80730-F44F-4478-BDAE-6634EFC2CA88}.Release|x86.Build.0 = Release|Win32
		{50741498-DC48-4338-9202-856B6187D9BD}.Debug|Any CPU.ActiveCfg = Debug|Win32
		{50741498-DC48-4338-9202-856B6187D9BD}.Debug|ARM.ActiveCfg = Debug|Win32
		{50741498-DC48-4338-9202-856B6187D9BD}.Debug|x86.ActiveCfg = Debug|Win32
		{50741498-DC48-4338-9202-856B6187D9BD}.Debug|x86.Build.0 = Debug|Win32
		{50741498-DC48-4338-9202-856B6187D9BD}.Release|Any CPU.ActiveCfg = Release|Win32
		{50741498-DC48-4338-9202-856B6187D9BD}.Release|ARM.ActiveCfg = Release|Win32
		{50741498-DC48-4338-9202-856B6187D9BD}.Release|x86.ActiveCfg = Release|Win32
		{50741498-DC48-4338-9202-856B6187D9BD}.Release|x86.Build.0 = Release|Win32
		{2CBD4FEB-8C82-48D7-A30A-A200E7E2F4BC}.Debug|Any CPU.ActiveCfg = Debug|Win32
		{2CBD4FEB-8C82-48D7-A30A-A200E7E2F4BC}.Debug|ARM.ActiveCfg = Debug|Win32
		{2CBD4FEB-8C82-48D7-A30A-A200E7E2F4BC}.Debug|x86.ActiveCfg = Debug|Win32
		{2CBD4FEB-8C82-48D7-A30A-A200E7E2F4BC}.Debug|x86.Build.0 = Debug|Win32
		{2CBD4FEB-8C82-48D7-A30A-A200E7E2F4BC}.Release|Any CPU.ActiveCfg = Release|Win32
		{2CBD4FEB-8C82-48D7-A30A-A200E7E2F4BC}.Release|ARM.ActiveCfg = Release|Win32
		{2CBD4FEB-8C82-48D7-A30A-A200E7E2F4BC}.Release|x86.ActiveCfg = Release|Win32
		{2CBD4FEB-8C82-48D7-A30A-A200E7E2F4BC}.Release|x86.Build.0 = Release|Win32
		{513257BE-9F1B-4C5A-ABD3-C4670FBD2280}.Debug|Any CPU.ActiveCfg = Debug|Win32
		{513257BE-9F1B-4C5A-ABD3-C4670FBD2280}.Debug|ARM.ActiveCfg = Debug|Win32
		{513257BE-9F1B-4C5A-ABD3-C4670FBD2280}.Debug|x86.ActiveCfg = Debug|Win32
		{513257BE-9F1B-4C5A-ABD3-C4670FBD2280}.Debug|x86.Build.0 = Debug|Win32
		{513257BE-9F1B-4C5A-ABD3-C4670FBD2280}.Release|Any CPU.ActiveCfg = Release|Win32
		{513257BE-9F1B-4C5A-ABD3-C4670FBD2280}.Release|ARM.ActiveCfg = Release|Win32
		{513257BE-9F1B-4C5A-ABD3-C4670FBD2280}.Release|x86.ActiveCfg = Release|Win32
		{513257BE-9F1B-4C5A-ABD3-C4670FBD2280}.Release|x86.Build.0 = Release|Win32
		{E8A1A0F8-5F1D-4353-882D-9C0FD9D86A01}.Debug|Any CPU.ActiveCfg = Debug|Any CPU
		{E8A1A0F8-5F1D-4353-882D-9C0FD9D86A01}.Debug|Any CPU.Build.0 = Debug|Any CPU
		{E8A1A0F8-5F1D-4353-882D-9C0FD9D86A01}.Debug|ARM.ActiveCfg = Debug|Any CPU
		{E8A1A0F8-5F1D-4353-882D-9C0FD9D86A01}.Debug|ARM.Build.0 = Debug|Any CPU
		{E8A1A0F8-5F1D-4353-882D-9C0FD9D86A01}.Debug|x86.ActiveCfg = Debug|Any CPU
		{E8A1A0F8-5F1D-4353-882D-9C0FD9D86A01}.Debug|x86.Build.0 = Debug|Any CPU
		{E8A1A0F8-5F1D-4353-882D-9C0FD9D86A01}.Release|Any CPU.ActiveCfg = Release|Any CPU
		{E8A1A0F8-5F1D-4353-882D-9C0FD9D86A01}.Release|Any CPU.Build.0 = Release|Any CPU
		{E8A1A0F8-5F1D-4353-882D-9C0FD9D86A01}.Release|ARM.ActiveCfg = Release|Any CPU
		{E8A1A0F8-5F1D-4353-882D-9C0FD9D86A01}.Release|ARM.Build.0 = Release|Any CPU
		{E8A1A0F8-5F1D-4353-882D-9C0FD9D86A01}.Release|x86.ActiveCfg = Release|Any CPU
		{E8A1A0F8-5F1D-4353-882D-9C0FD9D86A01}.Release|x86.Build.0 = Release|Any CPU
	EndGlobalSection
	GlobalSection(SolutionProperties) = preSolution
		HideSolutionNode = FALSE
	EndGlobalSection
EndGlobal
